
Microsoft Visual Studio Solution File, Format Version 12.00
# Visual Studio Version 16
VisualStudioVersion = 16.0.31105.61
MinimumVisualStudioVersion = 10.0.40219.1
Project("{FAE04EC0-301F-11D3-BF4B-00C04F79EFBC}") = "PilhaDinamica", "PilhaDinamica\PilhaDinamica.csproj", "{05542606-33CD-47F0-BC40-D4813FDFBD7C}"
EndProject
Global
	GlobalSection(SolutionConfigurationPlatforms) = preSolution
		Debug|Any CPU = Debug|Any CPU
		Release|Any CPU = Release|Any CPU
	EndGlobalSection
	GlobalSection(ProjectConfigurationPlatforms) = postSolution
		{05542606-33CD-47F0-BC40-D4813FDFBD7C}.Debug|Any CPU.ActiveCfg = Debug|Any CPU
		{05542606-33CD-47F0-BC40-D4813FDFBD7C}.Debug|Any CPU.Build.0 = Debug|Any CPU
		{05542606-33CD-47F0-BC40-D4813FDFBD7C}.Release|Any CPU.ActiveCfg = Release|Any CPU
		{05542606-33CD-47F0-BC40-D4813FDFBD7C}.Release|Any CPU.Build.0 = Release|Any CPU
	EndGlobalSection
	GlobalSection(SolutionProperties) = preSolution
		HideSolutionNode = FALSE
	EndGlobalSection
	GlobalSection(ExtensibilityGlobals) = postSolution
		SolutionGuid = {490616FA-07AC-43E5-9677-CB2600821BE1}
	EndGlobalSection
EndGlobal
