
Microsoft Visual Studio Solution File, Format Version 12.00
# Visual Studio Version 16
VisualStudioVersion = 16.0.31105.61
MinimumVisualStudioVersion = 10.0.40219.1
Project("{FAE04EC0-301F-11D3-BF4B-00C04F79EFBC}") = "ExercicioFormasGeometricas", "ExercicioFormasGeometricas\ExercicioFormasGeometricas.csproj", "{4AFECAFB-EC5B-4F16-8F0C-8178520E7A69}"
EndProject
Global
	GlobalSection(SolutionConfigurationPlatforms) = preSolution
		Debug|Any CPU = Debug|Any CPU
		Release|Any CPU = Release|Any CPU
	EndGlobalSection
	GlobalSection(ProjectConfigurationPlatforms) = postSolution
		{4AFECAFB-EC5B-4F16-8F0C-8178520E7A69}.Debug|Any CPU.ActiveCfg = Debug|Any CPU
		{4AFECAFB-EC5B-4F16-8F0C-8178520E7A69}.Debug|Any CPU.Build.0 = Debug|Any CPU
		{4AFECAFB-EC5B-4F16-8F0C-8178520E7A69}.Release|Any CPU.ActiveCfg = Release|Any CPU
		{4AFECAFB-EC5B-4F16-8F0C-8178520E7A69}.Release|Any CPU.Build.0 = Release|Any CPU
	EndGlobalSection
	GlobalSection(SolutionProperties) = preSolution
		HideSolutionNode = FALSE
	EndGlobalSection
	GlobalSection(ExtensibilityGlobals) = postSolution
		SolutionGuid = {4CC67217-FFBF-4894-8FC8-C0B788126883}
	EndGlobalSection
EndGlobal
