
Microsoft Visual Studio Solution File, Format Version 12.00
# Visual Studio Version 16
VisualStudioVersion = 16.0.31105.61
MinimumVisualStudioVersion = 10.0.40219.1
Project("{FAE04EC0-301F-11D3-BF4B-00C04F79EFBC}") = "EstudoCollections", "EstudoCollections\EstudoCollections.csproj", "{859F1D4E-D5AB-48B6-B457-BA9428680032}"
EndProject
Global
	GlobalSection(SolutionConfigurationPlatforms) = preSolution
		Debug|Any CPU = Debug|Any CPU
		Release|Any CPU = Release|Any CPU
	EndGlobalSection
	GlobalSection(ProjectConfigurationPlatforms) = postSolution
		{859F1D4E-D5AB-48B6-B457-BA9428680032}.Debug|Any CPU.ActiveCfg = Debug|Any CPU
		{859F1D4E-D5AB-48B6-B457-BA9428680032}.Debug|Any CPU.Build.0 = Debug|Any CPU
		{859F1D4E-D5AB-48B6-B457-BA9428680032}.Release|Any CPU.ActiveCfg = Release|Any CPU
		{859F1D4E-D5AB-48B6-B457-BA9428680032}.Release|Any CPU.Build.0 = Release|Any CPU
	EndGlobalSection
	GlobalSection(SolutionProperties) = preSolution
		HideSolutionNode = FALSE
	EndGlobalSection
	GlobalSection(ExtensibilityGlobals) = postSolution
		SolutionGuid = {C7771A1C-9B93-4B64-8697-52014DC07248}
	EndGlobalSection
EndGlobal
