
Microsoft Visual Studio Solution File, Format Version 12.00
# Visual Studio Version 16
VisualStudioVersion = 16.0.31105.61
MinimumVisualStudioVersion = 10.0.40219.1
Project("{FAE04EC0-301F-11D3-BF4B-00C04F79EFBC}") = "CriacaoDeArquivos", "CriacaoDeArquivos\CriacaoDeArquivos.csproj", "{714718FC-C2E2-4734-B1A8-985E9F9A80F9}"
EndProject
Global
	GlobalSection(SolutionConfigurationPlatforms) = preSolution
		Debug|Any CPU = Debug|Any CPU
		Release|Any CPU = Release|Any CPU
	EndGlobalSection
	GlobalSection(ProjectConfigurationPlatforms) = postSolution
		{714718FC-C2E2-4734-B1A8-985E9F9A80F9}.Debug|Any CPU.ActiveCfg = Debug|Any CPU
		{714718FC-C2E2-4734-B1A8-985E9F9A80F9}.Debug|Any CPU.Build.0 = Debug|Any CPU
		{714718FC-C2E2-4734-B1A8-985E9F9A80F9}.Release|Any CPU.ActiveCfg = Release|Any CPU
		{714718FC-C2E2-4734-B1A8-985E9F9A80F9}.Release|Any CPU.Build.0 = Release|Any CPU
	EndGlobalSection
	GlobalSection(SolutionProperties) = preSolution
		HideSolutionNode = FALSE
	EndGlobalSection
	GlobalSection(ExtensibilityGlobals) = postSolution
		SolutionGuid = {434D99B3-D1A9-4A12-B5C1-59DD5643EA84}
	EndGlobalSection
EndGlobal
