
Microsoft Visual Studio Solution File, Format Version 12.00
# Visual Studio Version 16
VisualStudioVersion = 16.0.31105.61
MinimumVisualStudioVersion = 10.0.40219.1
Project("{FAE04EC0-301F-11D3-BF4B-00C04F79EFBC}") = "Estudo_Conjuntos", "Estudo_Conjuntos\Estudo_Conjuntos.csproj", "{E06D38F6-C9AE-4CAA-8707-28DE96AD869E}"
EndProject
Global
	GlobalSection(SolutionConfigurationPlatforms) = preSolution
		Debug|Any CPU = Debug|Any CPU
		Release|Any CPU = Release|Any CPU
	EndGlobalSection
	GlobalSection(ProjectConfigurationPlatforms) = postSolution
		{E06D38F6-C9AE-4CAA-8707-28DE96AD869E}.Debug|Any CPU.ActiveCfg = Debug|Any CPU
		{E06D38F6-C9AE-4CAA-8707-28DE96AD869E}.Debug|Any CPU.Build.0 = Debug|Any CPU
		{E06D38F6-C9AE-4CAA-8707-28DE96AD869E}.Release|Any CPU.ActiveCfg = Release|Any CPU
		{E06D38F6-C9AE-4CAA-8707-28DE96AD869E}.Release|Any CPU.Build.0 = Release|Any CPU
	EndGlobalSection
	GlobalSection(SolutionProperties) = preSolution
		HideSolutionNode = FALSE
	EndGlobalSection
	GlobalSection(ExtensibilityGlobals) = postSolution
		SolutionGuid = {FD0F00A1-7D22-4DA4-893E-B6276C095EF7}
	EndGlobalSection
EndGlobal
