
Microsoft Visual Studio Solution File, Format Version 12.00
# Visual Studio Version 16
VisualStudioVersion = 16.0.31105.61
MinimumVisualStudioVersion = 10.0.40219.1
Project("{FAE04EC0-301F-11D3-BF4B-00C04F79EFBC}") = "Exemplo_Composicao", "Exemplo_Composicao\Exemplo_Composicao.csproj", "{229A4C4A-7F30-46F4-AB84-4974C2F6EC23}"
EndProject
Global
	GlobalSection(SolutionConfigurationPlatforms) = preSolution
		Debug|Any CPU = Debug|Any CPU
		Release|Any CPU = Release|Any CPU
	EndGlobalSection
	GlobalSection(ProjectConfigurationPlatforms) = postSolution
		{229A4C4A-7F30-46F4-AB84-4974C2F6EC23}.Debug|Any CPU.ActiveCfg = Debug|Any CPU
		{229A4C4A-7F30-46F4-AB84-4974C2F6EC23}.Debug|Any CPU.Build.0 = Debug|Any CPU
		{229A4C4A-7F30-46F4-AB84-4974C2F6EC23}.Release|Any CPU.ActiveCfg = Release|Any CPU
		{229A4C4A-7F30-46F4-AB84-4974C2F6EC23}.Release|Any CPU.Build.0 = Release|Any CPU
	EndGlobalSection
	GlobalSection(SolutionProperties) = preSolution
		HideSolutionNode = FALSE
	EndGlobalSection
	GlobalSection(ExtensibilityGlobals) = postSolution
		SolutionGuid = {835EA8B0-EFB0-43D0-AD0F-2D785DB2D8B6}
	EndGlobalSection
EndGlobal
