
Microsoft Visual Studio Solution File, Format Version 12.00
# Visual Studio Version 16
VisualStudioVersion = 16.0.31105.61
MinimumVisualStudioVersion = 10.0.40219.1
Project("{FAE04EC0-301F-11D3-BF4B-00C04F79EFBC}") = "Exemplo02_Aula01", "Exemplo02_Aula01\Exemplo02_Aula01.csproj", "{70BFE56D-C15C-4C6F-B059-6B1A3EF19D84}"
EndProject
Global
	GlobalSection(SolutionConfigurationPlatforms) = preSolution
		Debug|Any CPU = Debug|Any CPU
		Release|Any CPU = Release|Any CPU
	EndGlobalSection
	GlobalSection(ProjectConfigurationPlatforms) = postSolution
		{70BFE56D-C15C-4C6F-B059-6B1A3EF19D84}.Debug|Any CPU.ActiveCfg = Debug|Any CPU
		{70BFE56D-C15C-4C6F-B059-6B1A3EF19D84}.Debug|Any CPU.Build.0 = Debug|Any CPU
		{70BFE56D-C15C-4C6F-B059-6B1A3EF19D84}.Release|Any CPU.ActiveCfg = Release|Any CPU
		{70BFE56D-C15C-4C6F-B059-6B1A3EF19D84}.Release|Any CPU.Build.0 = Release|Any CPU
	EndGlobalSection
	GlobalSection(SolutionProperties) = preSolution
		HideSolutionNode = FALSE
	EndGlobalSection
	GlobalSection(ExtensibilityGlobals) = postSolution
		SolutionGuid = {F8DC9477-60C6-4DF6-945B-165B895229B8}
	EndGlobalSection
EndGlobal
