
Microsoft Visual Studio Solution File, Format Version 12.00
# Visual Studio Version 16
VisualStudioVersion = 16.0.31105.61
MinimumVisualStudioVersion = 10.0.40219.1
Project("{FAE04EC0-301F-11D3-BF4B-00C04F79EFBC}") = "ExLeituraArquivos", "ExLeituraArquivos\ExLeituraArquivos.csproj", "{06AF67D3-E5A6-4B0E-81F0-A9AD4A002F08}"
EndProject
Global
	GlobalSection(SolutionConfigurationPlatforms) = preSolution
		Debug|Any CPU = Debug|Any CPU
		Release|Any CPU = Release|Any CPU
	EndGlobalSection
	GlobalSection(ProjectConfigurationPlatforms) = postSolution
		{06AF67D3-E5A6-4B0E-81F0-A9AD4A002F08}.Debug|Any CPU.ActiveCfg = Debug|Any CPU
		{06AF67D3-E5A6-4B0E-81F0-A9AD4A002F08}.Debug|Any CPU.Build.0 = Debug|Any CPU
		{06AF67D3-E5A6-4B0E-81F0-A9AD4A002F08}.Release|Any CPU.ActiveCfg = Release|Any CPU
		{06AF67D3-E5A6-4B0E-81F0-A9AD4A002F08}.Release|Any CPU.Build.0 = Release|Any CPU
	EndGlobalSection
	GlobalSection(SolutionProperties) = preSolution
		HideSolutionNode = FALSE
	EndGlobalSection
	GlobalSection(ExtensibilityGlobals) = postSolution
		SolutionGuid = {5FE19471-22B6-4E19-8706-DCB338D6FDDA}
	EndGlobalSection
EndGlobal
